// !$*UTF8*$!
{
	archiveVersion = 1;
	classes = {
	};
	objectVersion = 55;
	objects = {

/* Begin PBXBuildFile section */
		66F953FE2DC903240075A39F /* MainAppView.swift in Sources */ = {isa = PBXBuildFile; fileRef = 66F953FD2DC903240075A39F /* MainAppView.swift */; };
		66F954002DC903460075A39F /* LoginView.swift in Sources */ = {isa = PBXBuildFile; fileRef = 66F953FF2DC903460075A39F /* LoginView.swift */; };
		66F954022DC903720075A39F /* RegisterView.swift in Sources */ = {isa = PBXBuildFile; fileRef = 66F954012DC903720075A39F /* RegisterView.swift */; };
		66F954042DC9038E0075A39F /* ResetPasswordView.swift in Sources */ = {isa = PBXBuildFile; fileRef = 66F954032DC9038E0075A39F /* ResetPasswordView.swift */; };
		66F954062DC903A40075A39F /* LibraryView.swift in Sources */ = {isa = PBXBuildFile; fileRef = 66F954052DC903A40075A39F /* LibraryView.swift */; };
		66F9540A2DC903FA0075A39F /* ComponentsStruct.swift in Sources */ = {isa = PBXBuildFile; fileRef = 66F954092DC903FA0075A39F /* ComponentsStruct.swift */; };
		66F9540D2DC9041C0075A39F /* KeychainHelper.swift in Sources */ = {isa = PBXBuildFile; fileRef = 66F9540C2DC9041C0075A39F /* KeychainHelper.swift */; };
		66F9540F2DC9044F0075A39F /* ExploreView.swift in Sources */ = {isa = PBXBuildFile; fileRef = 66F9540E2DC9044F0075A39F /* ExploreView.swift */; };
		66F954122DC904BB0075A39F /* DataBaseManager.swift in Sources */ = {isa = PBXBuildFile; fileRef = 66F954112DC904BB0075A39F /* DataBaseManager.swift */; };
		66F954142DC904CE0075A39F /* Usuario.swift in Sources */ = {isa = PBXBuildFile; fileRef = 66F954132DC904CE0075A39F /* Usuario.swift */; };
		66F954162DC904FA0075A39F /* Grupo.swift in Sources */ = {isa = PBXBuildFile; fileRef = 66F954152DC904FA0075A39F /* Grupo.swift */; };
		66F954182DC9050C0075A39F /* Comentario.swift in Sources */ = {isa = PBXBuildFile; fileRef = 66F954172DC9050C0075A39F /* Comentario.swift */; };
		66F9541A2DC905260075A39F /* Missao.swift in Sources */ = {isa = PBXBuildFile; fileRef = 66F954192DC905260075A39F /* Missao.swift */; };
		66F9541C2DC905960075A39F /* Livro.swift in Sources */ = {isa = PBXBuildFile; fileRef = 66F9541B2DC905960075A39F /* Livro.swift */; };
		E598D8862DCA3A4D004DC719 /* BancoDadosGeral.swift in Sources */ = {isa = PBXBuildFile; fileRef = E598D8852DCA3A4D004DC719 /* BancoDadosGeral.swift */; };
		E598D88A2DCA4132004DC719 /* Constants.swift in Sources */ = {isa = PBXBuildFile; fileRef = E598D8882DCA4132004DC719 /* Constants.swift */; };
		E598D88B2DCA4132004DC719 /* Assets.xcassets in Resources */ = {isa = PBXBuildFile; fileRef = E598D8892DCA4132004DC719 /* Assets.xcassets */; };
		E5BE88272DC8F8DA0028C6DE /* leae_conclusionApp.swift in Sources */ = {isa = PBXBuildFile; fileRef = E5BE88262DC8F8DA0028C6DE /* leae_conclusionApp.swift */; };
		E5BE88292DC8F8DA0028C6DE /* ContentView.swift in Sources */ = {isa = PBXBuildFile; fileRef = E5BE88282DC8F8DA0028C6DE /* ContentView.swift */; };
		E5BE882B2DC8F8DC0028C6DE /* Assets.xcassets in Resources */ = {isa = PBXBuildFile; fileRef = E5BE882A2DC8F8DC0028C6DE /* Assets.xcassets */; };
/* End PBXBuildFile section */

/* Begin PBXFileReference section */
		66F953FD2DC903240075A39F /* MainAppView.swift */ = {isa = PBXFileReference; lastKnownFileType = sourcecode.swift; path = MainAppView.swift; sourceTree = "<group>"; };
		66F953FF2DC903460075A39F /* LoginView.swift */ = {isa = PBXFileReference; lastKnownFileType = sourcecode.swift; path = LoginView.swift; sourceTree = "<group>"; };
		66F954012DC903720075A39F /* RegisterView.swift */ = {isa = PBXFileReference; lastKnownFileType = sourcecode.swift; path = RegisterView.swift; sourceTree = "<group>"; };
		66F954032DC9038E0075A39F /* ResetPasswordView.swift */ = {isa = PBXFileReference; lastKnownFileType = sourcecode.swift; path = ResetPasswordView.swift; sourceTree = "<group>"; };
		66F954052DC903A40075A39F /* LibraryView.swift */ = {isa = PBXFileReference; lastKnownFileType = sourcecode.swift; path = LibraryView.swift; sourceTree = "<group>"; };
		66F954092DC903FA0075A39F /* ComponentsStruct.swift */ = {isa = PBXFileReference; lastKnownFileType = sourcecode.swift; path = ComponentsStruct.swift; sourceTree = "<group>"; };
		66F9540C2DC9041C0075A39F /* KeychainHelper.swift */ = {isa = PBXFileReference; lastKnownFileType = sourcecode.swift; path = KeychainHelper.swift; sourceTree = "<group>"; };
		66F9540E2DC9044F0075A39F /* ExploreView.swift */ = {isa = PBXFileReference; lastKnownFileType = sourcecode.swift; path = ExploreView.swift; sourceTree = "<group>"; };
		66F954112DC904BB0075A39F /* DataBaseManager.swift */ = {isa = PBXFileReference; lastKnownFileType = sourcecode.swift; path = DataBaseManager.swift; sourceTree = "<group>"; };
		66F954132DC904CE0075A39F /* Usuario.swift */ = {isa = PBXFileReference; lastKnownFileType = sourcecode.swift; path = Usuario.swift; sourceTree = "<group>"; };
		66F954152DC904FA0075A39F /* Grupo.swift */ = {isa = PBXFileReference; lastKnownFileType = sourcecode.swift; path = Grupo.swift; sourceTree = "<group>"; };
		66F954172DC9050C0075A39F /* Comentario.swift */ = {isa = PBXFileReference; lastKnownFileType = sourcecode.swift; path = Comentario.swift; sourceTree = "<group>"; };
		66F954192DC905260075A39F /* Missao.swift */ = {isa = PBXFileReference; lastKnownFileType = sourcecode.swift; path = Missao.swift; sourceTree = "<group>"; };
		66F9541B2DC905960075A39F /* Livro.swift */ = {isa = PBXFileReference; lastKnownFileType = sourcecode.swift; path = Livro.swift; sourceTree = "<group>"; };
		E598D8852DCA3A4D004DC719 /* BancoDadosGeral.swift */ = {isa = PBXFileReference; lastKnownFileType = sourcecode.swift; path = BancoDadosGeral.swift; sourceTree = "<group>"; };
		E598D8882DCA4132004DC719 /* Constants.swift */ = {isa = PBXFileReference; fileEncoding = 4; lastKnownFileType = sourcecode.swift; path = Constants.swift; sourceTree = "<group>"; };
		E598D8892DCA4132004DC719 /* Assets.xcassets */ = {isa = PBXFileReference; lastKnownFileType = folder.assetcatalog; path = Assets.xcassets; sourceTree = "<group>"; };
		E5BE88232DC8F8DA0028C6DE /* leae_conclusion.app */ = {isa = PBXFileReference; explicitFileType = wrapper.application; includeInIndex = 0; path = leae_conclusion.app; sourceTree = BUILT_PRODUCTS_DIR; };
		E5BE88262DC8F8DA0028C6DE /* leae_conclusionApp.swift */ = {isa = PBXFileReference; lastKnownFileType = sourcecode.swift; path = leae_conclusionApp.swift; sourceTree = "<group>"; };
		E5BE88282DC8F8DA0028C6DE /* ContentView.swift */ = {isa = PBXFileReference; lastKnownFileType = sourcecode.swift; path = ContentView.swift; sourceTree = "<group>"; };
		E5BE882A2DC8F8DC0028C6DE /* Assets.xcassets */ = {isa = PBXFileReference; lastKnownFileType = folder.assetcatalog; path = Assets.xcassets; sourceTree = "<group>"; };
/* End PBXFileReference section */

/* Begin PBXFrameworksBuildPhase section */
		E5BE88202DC8F8DA0028C6DE /* Frameworks */ = {
			isa = PBXFrameworksBuildPhase;
			buildActionMask = 2147483647;
			files = (
			);
			runOnlyForDeploymentPostprocessing = 0;
		};
/* End PBXFrameworksBuildPhase section */

/* Begin PBXGroup section */
		66F953FA2DC902CF0075A39F /* Screens */ = {
			isa = PBXGroup;
			children = (
				66F953FD2DC903240075A39F /* MainAppView.swift */,
				66F953FF2DC903460075A39F /* LoginView.swift */,
				66F954012DC903720075A39F /* RegisterView.swift */,
				66F954032DC9038E0075A39F /* ResetPasswordView.swift */,
				66F954052DC903A40075A39F /* LibraryView.swift */,
				66F9540E2DC9044F0075A39F /* ExploreView.swift */,
			);
			path = Screens;
			sourceTree = "<group>";
		};
		66F954072DC903D70075A39F /* Sourcer */ = {
			isa = PBXGroup;
			children = (
				66F954092DC903FA0075A39F /* ComponentsStruct.swift */,
			);
			path = Sourcer;
			sourceTree = "<group>";
		};
		66F9540B2DC904070075A39F /* Services */ = {
			isa = PBXGroup;
			children = (
				66F9540C2DC9041C0075A39F /* KeychainHelper.swift */,
			);
			path = Services;
			sourceTree = "<group>";
		};
		66F954102DC904A80075A39F /* Models */ = {
			isa = PBXGroup;
			children = (
				66F954112DC904BB0075A39F /* DataBaseManager.swift */,
				66F954132DC904CE0075A39F /* Usuario.swift */,
				66F954152DC904FA0075A39F /* Grupo.swift */,
				66F954172DC9050C0075A39F /* Comentario.swift */,
				66F954192DC905260075A39F /* Missao.swift */,
				66F9541B2DC905960075A39F /* Livro.swift */,
			);
			path = Models;
			sourceTree = "<group>";
		};
		E598D8842DCA3A39004DC719 /* BancoDados */ = {
			isa = PBXGroup;
			children = (
				E598D8852DCA3A4D004DC719 /* BancoDadosGeral.swift */,
			);
			path = BancoDados;
			sourceTree = "<group>";
		};
		E598D8872DCA4132004DC719 /* Resources */ = {
			isa = PBXGroup;
			children = (
				E598D8882DCA4132004DC719 /* Constants.swift */,
				E598D8892DCA4132004DC719 /* Assets.xcassets */,
			);
			path = Resources;
			sourceTree = "<group>";
		};
		E5BE881A2DC8F8DA0028C6DE = {
			isa = PBXGroup;
			children = (
				E5BE88252DC8F8DA0028C6DE /* leae_conclusion */,
				E5BE88242DC8F8DA0028C6DE /* Products */,
			);
			sourceTree = "<group>";
		};
		E5BE88242DC8F8DA0028C6DE /* Products */ = {
			isa = PBXGroup;
			children = (
				E5BE88232DC8F8DA0028C6DE /* leae_conclusion.app */,
			);
			name = Products;
			sourceTree = "<group>";
		};
		E5BE88252DC8F8DA0028C6DE /* leae_conclusion */ = {
			isa = PBXGroup;
			children = (
				E598D8872DCA4132004DC719 /* Resources */,
				E598D8842DCA3A39004DC719 /* BancoDados */,
				66F954102DC904A80075A39F /* Models */,
				66F9540B2DC904070075A39F /* Services */,
				66F954072DC903D70075A39F /* Sourcer */,
				66F953FA2DC902CF0075A39F /* Screens */,
				E5BE88262DC8F8DA0028C6DE /* leae_conclusionApp.swift */,
				E5BE88282DC8F8DA0028C6DE /* ContentView.swift */,
				E5BE882A2DC8F8DC0028C6DE /* Assets.xcassets */,
			);
			path = leae_conclusion;
			sourceTree = "<group>";
		};
/* End PBXGroup section */

/* Begin PBXNativeTarget section */
		E5BE88222DC8F8DA0028C6DE /* leae_conclusion */ = {
			isa = PBXNativeTarget;
			buildConfigurationList = E5BE88312DC8F8DC0028C6DE /* Build configuration list for PBXNativeTarget "leae_conclusion" */;
			buildPhases = (
				E5BE881F2DC8F8DA0028C6DE /* Sources */,
				E5BE88202DC8F8DA0028C6DE /* Frameworks */,
				E5BE88212DC8F8DA0028C6DE /* Resources */,
			);
			buildRules = (
			);
			dependencies = (
			);
			name = leae_conclusion;
			productName = leae_conclusion;
			productReference = E5BE88232DC8F8DA0028C6DE /* leae_conclusion.app */;
			productType = "com.apple.product-type.application";
		};
/* End PBXNativeTarget section */

/* Begin PBXProject section */
		E5BE881B2DC8F8DA0028C6DE /* Project object */ = {
			isa = PBXProject;
			attributes = {
				BuildIndependentTargetsInParallel = 1;
				LastSwiftUpdateCheck = 1320;
				LastUpgradeCheck = 1320;
				TargetAttributes = {
					E5BE88222DC8F8DA0028C6DE = {
						CreatedOnToolsVersion = 13.2;
					};
				};
			};
			buildConfigurationList = E5BE881E2DC8F8DA0028C6DE /* Build configuration list for PBXProject "leae_conclusion" */;
			compatibilityVersion = "Xcode 13.0";
			developmentRegion = en;
			hasScannedForEncodings = 0;
			knownRegions = (
				en,
				Base,
			);
			mainGroup = E5BE881A2DC8F8DA0028C6DE;
			productRefGroup = E5BE88242DC8F8DA0028C6DE /* Products */;
			projectDirPath = "";
			projectRoot = "";
			targets = (
				E5BE88222DC8F8DA0028C6DE /* leae_conclusion */,
			);
		};
/* End PBXProject section */

/* Begin PBXResourcesBuildPhase section */
		E5BE88212DC8F8DA0028C6DE /* Resources */ = {
			isa = PBXResourcesBuildPhase;
			buildActionMask = 2147483647;
			files = (
				E598D88B2DCA4132004DC719 /* Assets.xcassets in Resources */,
				E5BE882B2DC8F8DC0028C6DE /* Assets.xcassets in Resources */,
			);
			runOnlyForDeploymentPostprocessing = 0;
		};
/* End PBXResourcesBuildPhase section */

/* Begin PBXSourcesBuildPhase section */
		E5BE881F2DC8F8DA0028C6DE /* Sources */ = {
			isa = PBXSourcesBuildPhase;
			buildActionMask = 2147483647;
			files = (
				66F9540D2DC9041C0075A39F /* KeychainHelper.swift in Sources */,
				66F954062DC903A40075A39F /* LibraryView.swift in Sources */,
				66F9541C2DC905960075A39F /* Livro.swift in Sources */,
				66F954182DC9050C0075A39F /* Comentario.swift in Sources */,
				66F9541A2DC905260075A39F /* Missao.swift in Sources */,
				E5BE88292DC8F8DA0028C6DE /* ContentView.swift in Sources */,
				66F954022DC903720075A39F /* RegisterView.swift in Sources */,
				66F953FE2DC903240075A39F /* MainAppView.swift in Sources */,
				66F9540F2DC9044F0075A39F /* ExploreView.swift in Sources */,
				66F9540A2DC903FA0075A39F /* ComponentsStruct.swift in Sources */,
				66F954042DC9038E0075A39F /* ResetPasswordView.swift in Sources */,
				E598D8862DCA3A4D004DC719 /* BancoDadosGeral.swift in Sources */,
				66F954142DC904CE0075A39F /* Usuario.swift in Sources */,
				66F954002DC903460075A39F /* LoginView.swift in Sources */,
				E5BE88272DC8F8DA0028C6DE /* leae_conclusionApp.swift in Sources */,
				66F954122DC904BB0075A39F /* DataBaseManager.swift in Sources */,
				66F954162DC904FA0075A39F /* Grupo.swift in Sources */,
				E598D88A2DCA4132004DC719 /* Constants.swift in Sources */,
			);
			runOnlyForDeploymentPostprocessing = 0;
		};
/* End PBXSourcesBuildPhase section */

/* Begin XCBuildConfiguration section */
		E5BE882F2DC8F8DC0028C6DE /* Debug */ = {
			isa = XCBuildConfiguration;
			buildSettings = {
				ALWAYS_SEARCH_USER_PATHS = NO;
				CLANG_ANALYZER_NONNULL = YES;
				CLANG_ANALYZER_NUMBER_OBJECT_CONVERSION = YES_AGGRESSIVE;
				CLANG_CXX_LANGUAGE_STANDARD = "gnu++17";
				CLANG_CXX_LIBRARY = "libc++";
				CLANG_ENABLE_MODULES = YES;
				CLANG_ENABLE_OBJC_ARC = YES;
				CLANG_ENABLE_OBJC_WEAK = YES;
				CLANG_WARN_BLOCK_CAPTURE_AUTORELEASING = YES;
				CLANG_WARN_BOOL_CONVERSION = YES;
				CLANG_WARN_COMMA = YES;
				CLANG_WARN_CONSTANT_CONVERSION = YES;
				CLANG_WARN_DEPRECATED_OBJC_IMPLEMENTATIONS = YES;
				CLANG_WARN_DIRECT_OBJC_ISA_USAGE = YES_ERROR;
				CLANG_WARN_DOCUMENTATION_COMMENTS = YES;
				CLANG_WARN_EMPTY_BODY = YES;
				CLANG_WARN_ENUM_CONVERSION = YES;
				CLANG_WARN_INFINITE_RECURSION = YES;
				CLANG_WARN_INT_CONVERSION = YES;
				CLANG_WARN_NON_LITERAL_NULL_CONVERSION = YES;
				CLANG_WARN_OBJC_IMPLICIT_RETAIN_SELF = YES;
				CLANG_WARN_OBJC_LITERAL_CONVERSION = YES;
				CLANG_WARN_OBJC_ROOT_CLASS = YES_ERROR;
				CLANG_WARN_QUOTED_INCLUDE_IN_FRAMEWORK_HEADER = YES;
				CLANG_WARN_RANGE_LOOP_ANALYSIS = YES;
				CLANG_WARN_STRICT_PROTOTYPES = YES;
				CLANG_WARN_SUSPICIOUS_MOVE = YES;
				CLANG_WARN_UNGUARDED_AVAILABILITY = YES_AGGRESSIVE;
				CLANG_WARN_UNREACHABLE_CODE = YES;
				CLANG_WARN__DUPLICATE_METHOD_MATCH = YES;
				COPY_PHASE_STRIP = NO;
				DEBUG_INFORMATION_FORMAT = dwarf;
				ENABLE_STRICT_OBJC_MSGSEND = YES;
				ENABLE_TESTABILITY = YES;
				GCC_C_LANGUAGE_STANDARD = gnu11;
				GCC_DYNAMIC_NO_PIC = NO;
				GCC_NO_COMMON_BLOCKS = YES;
				GCC_OPTIMIZATION_LEVEL = 0;
				GCC_PREPROCESSOR_DEFINITIONS = (
					"DEBUG=1",
					"$(inherited)",
				);
				GCC_WARN_64_TO_32_BIT_CONVERSION = YES;
				GCC_WARN_ABOUT_RETURN_TYPE = YES_ERROR;
				GCC_WARN_UNDECLARED_SELECTOR = YES;
				GCC_WARN_UNINITIALIZED_AUTOS = YES_AGGRESSIVE;
				GCC_WARN_UNUSED_FUNCTION = YES;
				GCC_WARN_UNUSED_VARIABLE = YES;
				IPHONEOS_DEPLOYMENT_TARGET = 15.2;
				MTL_ENABLE_DEBUG_INFO = INCLUDE_SOURCE;
				MTL_FAST_MATH = YES;
				ONLY_ACTIVE_ARCH = YES;
				SDKROOT = iphoneos;
				SWIFT_ACTIVE_COMPILATION_CONDITIONS = DEBUG;
				SWIFT_OPTIMIZATION_LEVEL = "-Onone";
			};
			name = Debug;
		};
		E5BE88302DC8F8DC0028C6DE /* Release */ = {
			isa = XCBuildConfiguration;
			buildSettings = {
				ALWAYS_SEARCH_USER_PATHS = NO;
				CLANG_ANALYZER_NONNULL = YES;
				CLANG_ANALYZER_NUMBER_OBJECT_CONVERSION = YES_AGGRESSIVE;
				CLANG_CXX_LANGUAGE_STANDARD = "gnu++17";
				CLANG_CXX_LIBRARY = "libc++";
				CLANG_ENABLE_MODULES = YES;
				CLANG_ENABLE_OBJC_ARC = YES;
				CLANG_ENABLE_OBJC_WEAK = YES;
				CLANG_WARN_BLOCK_CAPTURE_AUTORELEASING = YES;
				CLANG_WARN_BOOL_CONVERSION = YES;
				CLANG_WARN_COMMA = YES;
				CLANG_WARN_CONSTANT_CONVERSION = YES;
				CLANG_WARN_DEPRECATED_OBJC_IMPLEMENTATIONS = YES;
				CLANG_WARN_DIRECT_OBJC_ISA_USAGE = YES_ERROR;
				CLANG_WARN_DOCUMENTATION_COMMENTS = YES;
				CLANG_WARN_EMPTY_BODY = YES;
				CLANG_WARN_ENUM_CONVERSION = YES;
				CLANG_WARN_INFINITE_RECURSION = YES;
				CLANG_WARN_INT_CONVERSION = YES;
				CLANG_WARN_NON_LITERAL_NULL_CONVERSION = YES;
				CLANG_WARN_OBJC_IMPLICIT_RETAIN_SELF = YES;
				CLANG_WARN_OBJC_LITERAL_CONVERSION = YES;
				CLANG_WARN_OBJC_ROOT_CLASS = YES_ERROR;
				CLANG_WARN_QUOTED_INCLUDE_IN_FRAMEWORK_HEADER = YES;
				CLANG_WARN_RANGE_LOOP_ANALYSIS = YES;
				CLANG_WARN_STRICT_PROTOTYPES = YES;
				CLANG_WARN_SUSPICIOUS_MOVE = YES;
				CLANG_WARN_UNGUARDED_AVAILABILITY = YES_AGGRESSIVE;
				CLANG_WARN_UNREACHABLE_CODE = YES;
				CLANG_WARN__DUPLICATE_METHOD_MATCH = YES;
				COPY_PHASE_STRIP = NO;
				DEBUG_INFORMATION_FORMAT = "dwarf-with-dsym";
				ENABLE_NS_ASSERTIONS = NO;
				ENABLE_STRICT_OBJC_MSGSEND = YES;
				GCC_C_LANGUAGE_STANDARD = gnu11;
				GCC_NO_COMMON_BLOCKS = YES;
				GCC_WARN_64_TO_32_BIT_CONVERSION = YES;
				GCC_WARN_ABOUT_RETURN_TYPE = YES_ERROR;
				GCC_WARN_UNDECLARED_SELECTOR = YES;
				GCC_WARN_UNINITIALIZED_AUTOS = YES_AGGRESSIVE;
				GCC_WARN_UNUSED_FUNCTION = YES;
				GCC_WARN_UNUSED_VARIABLE = YES;
				IPHONEOS_DEPLOYMENT_TARGET = 15.2;
				MTL_ENABLE_DEBUG_INFO = NO;
				MTL_FAST_MATH = YES;
				SDKROOT = iphoneos;
				SWIFT_COMPILATION_MODE = wholemodule;
				SWIFT_OPTIMIZATION_LEVEL = "-O";
				VALIDATE_PRODUCT = YES;
			};
			name = Release;
		};
		E5BE88322DC8F8DC0028C6DE /* Debug */ = {
			isa = XCBuildConfiguration;
			buildSettings = {
				ASSETCATALOG_COMPILER_APPICON_NAME = AppIcon;
				ASSETCATALOG_COMPILER_GLOBAL_ACCENT_COLOR_NAME = AccentColor;
				CODE_SIGN_STYLE = Automatic;
				CURRENT_PROJECT_VERSION = 1;
				DEVELOPMENT_ASSET_PATHS = "\"leae_conclusion/Preview Content\"";
				DEVELOPMENT_TEAM = XTW4374WZ8;
				ENABLE_PREVIEWS = YES;
				GENERATE_INFOPLIST_FILE = YES;
				INFOPLIST_KEY_UIApplicationSceneManifest_Generation = YES;
				INFOPLIST_KEY_UIApplicationSupportsIndirectInputEvents = YES;
				INFOPLIST_KEY_UILaunchScreen_Generation = YES;
				INFOPLIST_KEY_UISupportedInterfaceOrientations_iPad = "UIInterfaceOrientationPortrait UIInterfaceOrientationPortraitUpsideDown UIInterfaceOrientationLandscapeLeft UIInterfaceOrientationLandscapeRight";
				INFOPLIST_KEY_UISupportedInterfaceOrientations_iPhone = "UIInterfaceOrientationPortrait UIInterfaceOrientationLandscapeLeft UIInterfaceOrientationLandscapeRight";
				LD_RUNPATH_SEARCH_PATHS = (
					"$(inherited)",
					"@executable_path/Frameworks",
				);
				MARKETING_VERSION = 1.0;
				PRODUCT_BUNDLE_IDENTIFIER = "Vitor.leae-conclusion";
				PRODUCT_NAME = "$(TARGET_NAME)";
				SWIFT_EMIT_LOC_STRINGS = YES;
				SWIFT_VERSION = 5.0;
				TARGETED_DEVICE_FAMILY = "1,2";
			};
			name = Debug;
		};
		E5BE88332DC8F8DC0028C6DE /* Release */ = {
			isa = XCBuildConfiguration;
			buildSettings = {
				ASSETCATALOG_COMPILER_APPICON_NAME = AppIcon;
				ASSETCATALOG_COMPILER_GLOBAL_ACCENT_COLOR_NAME = AccentColor;
				CODE_SIGN_STYLE = Automatic;
				CURRENT_PROJECT_VERSION = 1;
				DEVELOPMENT_ASSET_PATHS = "\"leae_conclusion/Preview Content\"";
				DEVELOPMENT_TEAM = XTW4374WZ8;
				ENABLE_PREVIEWS = YES;
				GENERATE_INFOPLIST_FILE = YES;
				INFOPLIST_KEY_UIApplicationSceneManifest_Generation = YES;
				INFOPLIST_KEY_UIApplicationSupportsIndirectInputEvents = YES;
				INFOPLIST_KEY_UILaunchScreen_Generation = YES;
				INFOPLIST_KEY_UISupportedInterfaceOrientations_iPad = "UIInterfaceOrientationPortrait UIInterfaceOrientationPortraitUpsideDown UIInterfaceOrientationLandscapeLeft UIInterfaceOrientationLandscapeRight";
				INFOPLIST_KEY_UISupportedInterfaceOrientations_iPhone = "UIInterfaceOrientationPortrait UIInterfaceOrientationLandscapeLeft UIInterfaceOrientationLandscapeRight";
				LD_RUNPATH_SEARCH_PATHS = (
					"$(inherited)",
					"@executable_path/Frameworks",
				);
				MARKETING_VERSION = 1.0;
				PRODUCT_BUNDLE_IDENTIFIER = "Vitor.leae-conclusion";
				PRODUCT_NAME = "$(TARGET_NAME)";
				SWIFT_EMIT_LOC_STRINGS = YES;
				SWIFT_VERSION = 5.0;
				TARGETED_DEVICE_FAMILY = "1,2";
			};
			name = Release;
		};
/* End XCBuildConfiguration section */

/* Begin XCConfigurationList section */
		E5BE881E2DC8F8DA0028C6DE /* Build configuration list for PBXProject "leae_conclusion" */ = {
			isa = XCConfigurationList;
			buildConfigurations = (
				E5BE882F2DC8F8DC0028C6DE /* Debug */,
				E5BE88302DC8F8DC0028C6DE /* Release */,
			);
			defaultConfigurationIsVisible = 0;
			defaultConfigurationName = Release;
		};
		E5BE88312DC8F8DC0028C6DE /* Build configuration list for PBXNativeTarget "leae_conclusion" */ = {
			isa = XCConfigurationList;
			buildConfigurations = (
				E5BE88322DC8F8DC0028C6DE /* Debug */,
				E5BE88332DC8F8DC0028C6DE /* Release */,
			);
			defaultConfigurationIsVisible = 0;
			defaultConfigurationName = Release;
		};
/* End XCConfigurationList section */
	};
	rootObject = E5BE881B2DC8F8DA0028C6DE /* Project object */;
}
